# @generated - this file is auto-generated by `mise lock` https://mise.jdx.dev/dev-tools/mise-lock.html

lockfile_version = 1

[[tools.doppler]]
version = "3.76.6"
backend = "github:DopplerHQ/cli"
specifiers = ["3.76.6"]

[tools.doppler."platforms.linux-x64"]
checksum = "sha256:67e4e020761adf3ffe5a030712d61721b4e2752182670bf90de5a2a88e4961e3"
url = "https://github.com/DopplerHQ/cli/releases/download/3.76.6/doppler_3.76.6_linux_amd64.tar.gz"
url_api = "https://api.github.com/repos/DopplerHQ/cli/releases/assets/580040608"

[tools.doppler."platforms.macos-arm64"]
checksum = "sha256:0023854e5e19a871234b9b705287483265eb65a64c0560b3eaafa7143ecc4e4b"
url = "https://github.com/DopplerHQ/cli/releases/download/3.76.6/doppler_3.76.6_macOS_arm64.tar.gz"
url_api = "https://api.github.com/repos/DopplerHQ/cli/releases/assets/580040607"

[[tools."github:jdx/mise"]]
version = "2026.9.1"
backend = "github:jdx/mise"
specifiers = ["2026.9.1"]

[tools."github:jdx/mise"."platforms.linux-x64"]
checksum = "sha256:0235801dc644525c98f205bdf033f70b126daacd3717690c91e01b1aca0106e6"
url = "https://github.com/jdx/mise/releases/download/v2026.9.1/mise-v2026.9.1-linux-x64.tar.zst"
url_api = "https://api.github.com/repos/jdx/mise/releases/assets/541240277"
provenance = "github-attestations"

[tools."github:jdx/mise"."platforms.macos-arm64"]
checksum = "sha256:c57a252346314ae662cf5bb2436d966e449600a49182c4ca95fed763032cd1e8"
url = "https://github.com/jdx/mise/releases/download/v2026.9.1/mise-v2026.9.1-macos-arm64.tar.zst"
url_api = "https://api.github.com/repos/jdx/mise/releases/assets/541240309"
provenance = "github-attestations"
provenance_verified = true
