# @generated - this file is auto-generated by `mise lock` https://mise.jdx.dev/dev-tools/mise-lock.html

lockfile_version = 1

[[tools.doppler]]
version = "3.76.6"
backend = "github:DopplerHQ/cli"
specifiers = ["3.76.6"]

[tools.doppler."platforms.linux-x64"]
checksum = "sha256:67e4e020761adf3ffe5a030712d61721b4e2752182670bf90de5a2a88e4961e3"
url = "https://github.com/DopplerHQ/cli/releases/download/3.76.6/doppler_3.76.6_linux_amd64.tar.gz"
url_api = "https://api.github.com/repos/DopplerHQ/cli/releases/assets/580040608"

[tools.doppler."platforms.macos-arm64"]
checksum = "sha256:0023854e5e19a871234b9b705287483265eb65a64c0560b3eaafa7143ecc4e4b"
url = "https://github.com/DopplerHQ/cli/releases/download/3.76.6/doppler_3.76.6_macOS_arm64.tar.gz"
url_api = "https://api.github.com/repos/DopplerHQ/cli/releases/assets/580040607"

[[tools."github:jdx/mise"]]
version = "2026.10.0"
backend = "github:jdx/mise"
specifiers = ["v2026.10.0"]

[tools."github:jdx/mise"."platforms.linux-x64"]
checksum = "sha256:81bf5ee4a5bd4eceab0bce49d0e12cbc79128de31f0ce44369441958c587b1cb"
url = "https://github.com/jdx/mise/releases/download/v2026.10.0/mise-v2026.10.0-linux-x64.tar.zst"
url_api = "https://api.github.com/repos/jdx/mise/releases/assets/604532799"
provenance = "github-attestations"

[tools."github:jdx/mise"."platforms.macos-arm64"]
checksum = "sha256:19f3bb412740ae6bd56278c71354bdbb0c2b6c33ea42f25766ec4d389c0cdc1f"
url = "https://github.com/jdx/mise/releases/download/v2026.10.0/mise-v2026.10.0-macos-arm64.tar.zst"
url_api = "https://api.github.com/repos/jdx/mise/releases/assets/604532850"
provenance = "github-attestations"
